// !$*UTF8*$!
{
	archiveVersion = 1;
	classes = {
	};
	objectVersion = 56;
	objects = {

/* Begin PBXBuildFile section */
		3F08EC392B985ED10065C923 /* SelfieViewController.swift in Sources */ = {isa = PBXBuildFile; fileRef = 3F08EC382B985ED10065C923 /* SelfieViewController.swift */; };
		3F08EC3D2BA1970A0065C923 /* Authentication.storyboard in Resources */ = {isa = PBXBuildFile; fileRef = 3F08EC3C2BA1970A0065C923 /* Authentication.storyboard */; };
		3F08EC5C2BA5965E0065C923 /* LoginViewController.swift in Sources */ = {isa = PBXBuildFile; fileRef = 3F08EC592BA5965E0065C923 /* LoginViewController.swift */; };
		3F08EC5D2BA5965E0065C923 /* ForgotPasswordViewController.swift in Sources */ = {isa = PBXBuildFile; fileRef = 3F08EC5A2BA5965E0065C923 /* ForgotPasswordViewController.swift */; };
		3F08EC5E2BA5965E0065C923 /* RegisterViewController.swift in Sources */ = {isa = PBXBuildFile; fileRef = 3F08EC5B2BA5965E0065C923 /* RegisterViewController.swift */; };
		3F08EC602BA6B81A0065C923 /* GoogleService-Info.plist in Resources */ = {isa = PBXBuildFile; fileRef = 3F08EC5F2BA6B81A0065C923 /* GoogleService-Info.plist */; };
		3F08EC632BA6B89E0065C923 /* FirebaseAnalytics in Frameworks */ = {isa = PBXBuildFile; productRef = 3F08EC622BA6B89E0065C923 /* FirebaseAnalytics */; };
		3F08EC652BA6B89E0065C923 /* FirebaseAnalyticsOnDeviceConversion in Frameworks */ = {isa = PBXBuildFile; productRef = 3F08EC642BA6B89E0065C923 /* FirebaseAnalyticsOnDeviceConversion */; };
		3F08EC672BA6B89E0065C923 /* FirebaseAnalyticsSwift in Frameworks */ = {isa = PBXBuildFile; productRef = 3F08EC662BA6B89E0065C923 /* FirebaseAnalyticsSwift */; };
		3F08EC692BA6B89E0065C923 /* FirebaseAnalyticsWithoutAdIdSupport in Frameworks */ = {isa = PBXBuildFile; productRef = 3F08EC682BA6B89E0065C923 /* FirebaseAnalyticsWithoutAdIdSupport */; };
		3F08EC6B2BA6B89E0065C923 /* FirebaseAppCheck in Frameworks */ = {isa = PBXBuildFile; productRef = 3F08EC6A2BA6B89E0065C923 /* FirebaseAppCheck */; };
		3F08EC6D2BA6B89E0065C923 /* FirebaseAppDistribution-Beta in Frameworks */ = {isa = PBXBuildFile; productRef = 3F08EC6C2BA6B89E0065C923 /* FirebaseAppDistribution-Beta */; };
		3F08EC6F2BA6B89E0065C923 /* FirebaseAuth in Frameworks */ = {isa = PBXBuildFile; productRef = 3F08EC6E2BA6B89E0065C923 /* FirebaseAuth */; };
		3F08EC712BA6B89E0065C923 /* FirebaseAuthCombine-Community in Frameworks */ = {isa = PBXBuildFile; productRef = 3F08EC702BA6B89E0065C923 /* FirebaseAuthCombine-Community */; };
		3F08EC732BA6B89E0065C923 /* FirebaseCrashlytics in Frameworks */ = {isa = PBXBuildFile; productRef = 3F08EC722BA6B89E0065C923 /* FirebaseCrashlytics */; };
		3F08EC752BA6B89E0065C923 /* FirebaseDatabase in Frameworks */ = {isa = PBXBuildFile; productRef = 3F08EC742BA6B89E0065C923 /* FirebaseDatabase */; };
		3F08EC772BA6B89E0065C923 /* FirebaseDatabaseSwift in Frameworks */ = {isa = PBXBuildFile; productRef = 3F08EC762BA6B89E0065C923 /* FirebaseDatabaseSwift */; };
		3F08EC792BA6B89E0065C923 /* FirebaseDynamicLinks in Frameworks */ = {isa = PBXBuildFile; productRef = 3F08EC782BA6B89E0065C923 /* FirebaseDynamicLinks */; };
		3F08EC7B2BA6B89E0065C923 /* FirebaseFirestore in Frameworks */ = {isa = PBXBuildFile; productRef = 3F08EC7A2BA6B89E0065C923 /* FirebaseFirestore */; };
		3F08EC7D2BA6B89E0065C923 /* FirebaseFirestoreCombine-Community in Frameworks */ = {isa = PBXBuildFile; productRef = 3F08EC7C2BA6B89E0065C923 /* FirebaseFirestoreCombine-Community */; };
		3F08EC7F2BA6B89E0065C923 /* FirebaseFirestoreSwift in Frameworks */ = {isa = PBXBuildFile; productRef = 3F08EC7E2BA6B89E0065C923 /* FirebaseFirestoreSwift */; };
		3F08EC812BA6B89E0065C923 /* FirebaseFunctions in Frameworks */ = {isa = PBXBuildFile; productRef = 3F08EC802BA6B89E0065C923 /* FirebaseFunctions */; };
		3F08EC832BA6B89E0065C923 /* FirebaseFunctionsCombine-Community in Frameworks */ = {isa = PBXBuildFile; productRef = 3F08EC822BA6B89E0065C923 /* FirebaseFunctionsCombine-Community */; };
		3F08EC852BA6B89E0065C923 /* FirebaseInAppMessaging-Beta in Frameworks */ = {isa = PBXBuildFile; productRef = 3F08EC842BA6B89E0065C923 /* FirebaseInAppMessaging-Beta */; };
		3F08EC872BA6B89E0065C923 /* FirebaseInAppMessagingSwift-Beta in Frameworks */ = {isa = PBXBuildFile; productRef = 3F08EC862BA6B89E0065C923 /* FirebaseInAppMessagingSwift-Beta */; };
		3F08EC892BA6B89E0065C923 /* FirebaseInstallations in Frameworks */ = {isa = PBXBuildFile; productRef = 3F08EC882BA6B89E0065C923 /* FirebaseInstallations */; };
		3F08EC8B2BA6B89E0065C923 /* FirebaseMLModelDownloader in Frameworks */ = {isa = PBXBuildFile; productRef = 3F08EC8A2BA6B89E0065C923 /* FirebaseMLModelDownloader */; };
		3F08EC8D2BA6B89E0065C923 /* FirebaseMessaging in Frameworks */ = {isa = PBXBuildFile; productRef = 3F08EC8C2BA6B89E0065C923 /* FirebaseMessaging */; };
		3F08EC8F2BA6B89E0065C923 /* FirebasePerformance in Frameworks */ = {isa = PBXBuildFile; productRef = 3F08EC8E2BA6B89E0065C923 /* FirebasePerformance */; };
		3F08EC912BA6B89E0065C923 /* FirebaseRemoteConfig in Frameworks */ = {isa = PBXBuildFile; productRef = 3F08EC902BA6B89E0065C923 /* FirebaseRemoteConfig */; };
		3F08EC932BA6B89E0065C923 /* FirebaseRemoteConfigSwift in Frameworks */ = {isa = PBXBuildFile; productRef = 3F08EC922BA6B89E0065C923 /* FirebaseRemoteConfigSwift */; };
		3F08EC952BA6B89E0065C923 /* FirebaseStorage in Frameworks */ = {isa = PBXBuildFile; productRef = 3F08EC942BA6B89E0065C923 /* FirebaseStorage */; };
		3F08EC972BA6B89E0065C923 /* FirebaseStorageCombine-Community in Frameworks */ = {isa = PBXBuildFile; productRef = 3F08EC962BA6B89E0065C923 /* FirebaseStorageCombine-Community */; };
		3F1EAAE82B9697A00060218F /* AppDelegate.swift in Sources */ = {isa = PBXBuildFile; fileRef = 3F1EAAE72B9697A00060218F /* AppDelegate.swift */; };
		3F1EAAEA2B9697A00060218F /* SceneDelegate.swift in Sources */ = {isa = PBXBuildFile; fileRef = 3F1EAAE92B9697A00060218F /* SceneDelegate.swift */; };
		3F1EAAEC2B9697A00060218F /* ViewController.swift in Sources */ = {isa = PBXBuildFile; fileRef = 3F1EAAEB2B9697A00060218F /* ViewController.swift */; };
		3F1EAAEF2B9697A00060218F /* Main.storyboard in Resources */ = {isa = PBXBuildFile; fileRef = 3F1EAAED2B9697A00060218F /* Main.storyboard */; };
		3F1EAAF22B9697A00060218F /* TimeFrame.xcdatamodeld in Sources */ = {isa = PBXBuildFile; fileRef = 3F1EAAF02B9697A00060218F /* TimeFrame.xcdatamodeld */; };
		3F1EAAF42B9697A10060218F /* Assets.xcassets in Resources */ = {isa = PBXBuildFile; fileRef = 3F1EAAF32B9697A10060218F /* Assets.xcassets */; };
		3F1EAAF72B9697A10060218F /* LaunchScreen.storyboard in Resources */ = {isa = PBXBuildFile; fileRef = 3F1EAAF52B9697A10060218F /* LaunchScreen.storyboard */; };
		5520389C2BA62421000C5014 /* MapViewController.swift in Sources */ = {isa = PBXBuildFile; fileRef = 5520389B2BA62421000C5014 /* MapViewController.swift */; };
		5520389E2BA62DE3000C5014 /* AddInitialPhotoViewController.swift in Sources */ = {isa = PBXBuildFile; fileRef = 5520389D2BA62DE3000C5014 /* AddInitialPhotoViewController.swift */; };
		552038A02BA62EF6000C5014 /* ChallengeInfoViewController.swift in Sources */ = {isa = PBXBuildFile; fileRef = 5520389F2BA62EF6000C5014 /* ChallengeInfoViewController.swift */; };
		5581CF882BA68C530096BB92 /* AddChallengeInfoViewController.swift in Sources */ = {isa = PBXBuildFile; fileRef = 5581CF872BA68C530096BB92 /* AddChallengeInfoViewController.swift */; };
		559596B12BA699F800972EB4 /* ViewTimeLapseViewController.swift in Sources */ = {isa = PBXBuildFile; fileRef = 559596B02BA699F800972EB4 /* ViewTimeLapseViewController.swift */; };
		55A83AB22BA6A5CB00895DFE /* ChallengeCameraViewController.swift in Sources */ = {isa = PBXBuildFile; fileRef = 55A83AB12BA6A5CB00895DFE /* ChallengeCameraViewController.swift */; };
		55A83AB42BA6A98400895DFE /* AddPhotoToChallengeViewController.swift in Sources */ = {isa = PBXBuildFile; fileRef = 55A83AB32BA6A98400895DFE /* AddPhotoToChallengeViewController.swift */; };
		55A83AB62BA6AA5500895DFE /* ChallengeAlbumViewController.swift in Sources */ = {isa = PBXBuildFile; fileRef = 55A83AB52BA6AA5500895DFE /* ChallengeAlbumViewController.swift */; };
		55A83AB82BA6AA9000895DFE /* PhotoStreamViewController.swift in Sources */ = {isa = PBXBuildFile; fileRef = 55A83AB72BA6AA9000895DFE /* PhotoStreamViewController.swift */; };
		B50AF3422BA42C0800003743 /* MyProfileVC.swift in Sources */ = {isa = PBXBuildFile; fileRef = B50AF3412BA42C0800003743 /* MyProfileVC.swift */; };
		B50AF3442BA42C1400003743 /* EditProfileVC.swift in Sources */ = {isa = PBXBuildFile; fileRef = B50AF3432BA42C1400003743 /* EditProfileVC.swift */; };
		B56D904E2BA58BF7008A435C /* ExtensionVC.swift in Sources */ = {isa = PBXBuildFile; fileRef = B56D904D2BA58BF7008A435C /* ExtensionVC.swift */; };
		B57132C92BA6743400695F1C /* EditImageCell.swift in Sources */ = {isa = PBXBuildFile; fileRef = B57132C82BA6743400695F1C /* EditImageCell.swift */; };
		B5BB29772BA3E6C6005A2987 /* Home.storyboard in Resources */ = {isa = PBXBuildFile; fileRef = B5BB29762BA3E6C6005A2987 /* Home.storyboard */; };
		B5BB29792BA3E714005A2987 /* Discover.storyboard in Resources */ = {isa = PBXBuildFile; fileRef = B5BB29782BA3E714005A2987 /* Discover.storyboard */; };
		B5BB297B2BA3E726005A2987 /* GeoChallenge.storyboard in Resources */ = {isa = PBXBuildFile; fileRef = B5BB297A2BA3E726005A2987 /* GeoChallenge.storyboard */; };
		B5BB297D2BA3E736005A2987 /* Profile.storyboard in Resources */ = {isa = PBXBuildFile; fileRef = B5BB297C2BA3E736005A2987 /* Profile.storyboard */; };
/* End PBXBuildFile section */

/* Begin PBXFileReference section */
		3F08EC382B985ED10065C923 /* SelfieViewController.swift */ = {isa = PBXFileReference; lastKnownFileType = sourcecode.swift; path = SelfieViewController.swift; sourceTree = "<group>"; };
		3F08EC3C2BA1970A0065C923 /* Authentication.storyboard */ = {isa = PBXFileReference; lastKnownFileType = file.storyboard; path = Authentication.storyboard; sourceTree = "<group>"; };
		3F08EC592BA5965E0065C923 /* LoginViewController.swift */ = {isa = PBXFileReference; fileEncoding = 4; lastKnownFileType = sourcecode.swift; path = LoginViewController.swift; sourceTree = "<group>"; };
		3F08EC5A2BA5965E0065C923 /* ForgotPasswordViewController.swift */ = {isa = PBXFileReference; fileEncoding = 4; lastKnownFileType = sourcecode.swift; path = ForgotPasswordViewController.swift; sourceTree = "<group>"; };
		3F08EC5B2BA5965E0065C923 /* RegisterViewController.swift */ = {isa = PBXFileReference; fileEncoding = 4; lastKnownFileType = sourcecode.swift; path = RegisterViewController.swift; sourceTree = "<group>"; };
		3F08EC5F2BA6B81A0065C923 /* GoogleService-Info.plist */ = {isa = PBXFileReference; fileEncoding = 4; lastKnownFileType = text.plist.xml; path = "GoogleService-Info.plist"; sourceTree = "<group>"; };
		3F1EAAE42B9697A00060218F /* TimeFrame.app */ = {isa = PBXFileReference; explicitFileType = wrapper.application; includeInIndex = 0; path = TimeFrame.app; sourceTree = BUILT_PRODUCTS_DIR; };
		3F1EAAE72B9697A00060218F /* AppDelegate.swift */ = {isa = PBXFileReference; lastKnownFileType = sourcecode.swift; path = AppDelegate.swift; sourceTree = "<group>"; };
		3F1EAAE92B9697A00060218F /* SceneDelegate.swift */ = {isa = PBXFileReference; lastKnownFileType = sourcecode.swift; path = SceneDelegate.swift; sourceTree = "<group>"; };
		3F1EAAEB2B9697A00060218F /* ViewController.swift */ = {isa = PBXFileReference; lastKnownFileType = sourcecode.swift; path = ViewController.swift; sourceTree = "<group>"; };
		3F1EAAEE2B9697A00060218F /* Base */ = {isa = PBXFileReference; lastKnownFileType = file.storyboard; name = Base; path = Base.lproj/Main.storyboard; sourceTree = "<group>"; };
		3F1EAAF12B9697A00060218F /* TimeFrame.xcdatamodel */ = {isa = PBXFileReference; lastKnownFileType = wrapper.xcdatamodel; path = TimeFrame.xcdatamodel; sourceTree = "<group>"; };
		3F1EAAF32B9697A10060218F /* Assets.xcassets */ = {isa = PBXFileReference; lastKnownFileType = folder.assetcatalog; path = Assets.xcassets; sourceTree = "<group>"; };
		3F1EAAF62B9697A10060218F /* Base */ = {isa = PBXFileReference; lastKnownFileType = file.storyboard; name = Base; path = Base.lproj/LaunchScreen.storyboard; sourceTree = "<group>"; };
		3F1EAAF82B9697A10060218F /* Info.plist */ = {isa = PBXFileReference; lastKnownFileType = text.plist.xml; path = Info.plist; sourceTree = "<group>"; };
		5520389B2BA62421000C5014 /* MapViewController.swift */ = {isa = PBXFileReference; lastKnownFileType = sourcecode.swift; path = MapViewController.swift; sourceTree = "<group>"; };
		5520389D2BA62DE3000C5014 /* AddInitialPhotoViewController.swift */ = {isa = PBXFileReference; lastKnownFileType = sourcecode.swift; path = AddInitialPhotoViewController.swift; sourceTree = "<group>"; };
		5520389F2BA62EF6000C5014 /* ChallengeInfoViewController.swift */ = {isa = PBXFileReference; lastKnownFileType = sourcecode.swift; path = ChallengeInfoViewController.swift; sourceTree = "<group>"; };
		5581CF872BA68C530096BB92 /* AddChallengeInfoViewController.swift */ = {isa = PBXFileReference; lastKnownFileType = sourcecode.swift; path = AddChallengeInfoViewController.swift; sourceTree = "<group>"; };
		559596B02BA699F800972EB4 /* ViewTimeLapseViewController.swift */ = {isa = PBXFileReference; lastKnownFileType = sourcecode.swift; path = ViewTimeLapseViewController.swift; sourceTree = "<group>"; };
		55A83AB12BA6A5CB00895DFE /* ChallengeCameraViewController.swift */ = {isa = PBXFileReference; lastKnownFileType = sourcecode.swift; path = ChallengeCameraViewController.swift; sourceTree = "<group>"; };
		55A83AB32BA6A98400895DFE /* AddPhotoToChallengeViewController.swift */ = {isa = PBXFileReference; lastKnownFileType = sourcecode.swift; path = AddPhotoToChallengeViewController.swift; sourceTree = "<group>"; };
		55A83AB52BA6AA5500895DFE /* ChallengeAlbumViewController.swift */ = {isa = PBXFileReference; lastKnownFileType = sourcecode.swift; path = ChallengeAlbumViewController.swift; sourceTree = "<group>"; };
		55A83AB72BA6AA9000895DFE /* PhotoStreamViewController.swift */ = {isa = PBXFileReference; lastKnownFileType = sourcecode.swift; path = PhotoStreamViewController.swift; sourceTree = "<group>"; };
		B50AF3412BA42C0800003743 /* MyProfileVC.swift */ = {isa = PBXFileReference; lastKnownFileType = sourcecode.swift; path = MyProfileVC.swift; sourceTree = "<group>"; };
		B50AF3432BA42C1400003743 /* EditProfileVC.swift */ = {isa = PBXFileReference; lastKnownFileType = sourcecode.swift; path = EditProfileVC.swift; sourceTree = "<group>"; };
		B56D904D2BA58BF7008A435C /* ExtensionVC.swift */ = {isa = PBXFileReference; lastKnownFileType = sourcecode.swift; path = ExtensionVC.swift; sourceTree = "<group>"; };
		B57132C82BA6743400695F1C /* EditImageCell.swift */ = {isa = PBXFileReference; lastKnownFileType = sourcecode.swift; path = EditImageCell.swift; sourceTree = "<group>"; };
		B5BB29762BA3E6C6005A2987 /* Home.storyboard */ = {isa = PBXFileReference; lastKnownFileType = file.storyboard; path = Home.storyboard; sourceTree = "<group>"; };
		B5BB29782BA3E714005A2987 /* Discover.storyboard */ = {isa = PBXFileReference; lastKnownFileType = file.storyboard; path = Discover.storyboard; sourceTree = "<group>"; };
		B5BB297A2BA3E726005A2987 /* GeoChallenge.storyboard */ = {isa = PBXFileReference; lastKnownFileType = file.storyboard; path = GeoChallenge.storyboard; sourceTree = "<group>"; };
		B5BB297C2BA3E736005A2987 /* Profile.storyboard */ = {isa = PBXFileReference; lastKnownFileType = file.storyboard; path = Profile.storyboard; sourceTree = "<group>"; };
/* End PBXFileReference section */

/* Begin PBXFrameworksBuildPhase section */
		3F1EAAE12B9697A00060218F /* Frameworks */ = {
			isa = PBXFrameworksBuildPhase;
			buildActionMask = 2147483647;
			files = (
				3F08EC752BA6B89E0065C923 /* FirebaseDatabase in Frameworks */,
				3F08EC832BA6B89E0065C923 /* FirebaseFunctionsCombine-Community in Frameworks */,
				3F08EC7B2BA6B89E0065C923 /* FirebaseFirestore in Frameworks */,
				3F08EC672BA6B89E0065C923 /* FirebaseAnalyticsSwift in Frameworks */,
				3F08EC632BA6B89E0065C923 /* FirebaseAnalytics in Frameworks */,
				3F08EC652BA6B89E0065C923 /* FirebaseAnalyticsOnDeviceConversion in Frameworks */,
				3F08EC8B2BA6B89E0065C923 /* FirebaseMLModelDownloader in Frameworks */,
				3F08EC7F2BA6B89E0065C923 /* FirebaseFirestoreSwift in Frameworks */,
				3F08EC6B2BA6B89E0065C923 /* FirebaseAppCheck in Frameworks */,
				3F08EC692BA6B89E0065C923 /* FirebaseAnalyticsWithoutAdIdSupport in Frameworks */,
				3F08EC6F2BA6B89E0065C923 /* FirebaseAuth in Frameworks */,
				3F08EC732BA6B89E0065C923 /* FirebaseCrashlytics in Frameworks */,
				3F08EC932BA6B89E0065C923 /* FirebaseRemoteConfigSwift in Frameworks */,
				3F08EC852BA6B89E0065C923 /* FirebaseInAppMessaging-Beta in Frameworks */,
				3F08EC772BA6B89E0065C923 /* FirebaseDatabaseSwift in Frameworks */,
				3F08EC812BA6B89E0065C923 /* FirebaseFunctions in Frameworks */,
				3F08EC972BA6B89E0065C923 /* FirebaseStorageCombine-Community in Frameworks */,
				3F08EC912BA6B89E0065C923 /* FirebaseRemoteConfig in Frameworks */,
				3F08EC6D2BA6B89E0065C923 /* FirebaseAppDistribution-Beta in Frameworks */,
				3F08EC712BA6B89E0065C923 /* FirebaseAuthCombine-Community in Frameworks */,
				3F08EC8F2BA6B89E0065C923 /* FirebasePerformance in Frameworks */,
				3F08EC872BA6B89E0065C923 /* FirebaseInAppMessagingSwift-Beta in Frameworks */,
				3F08EC952BA6B89E0065C923 /* FirebaseStorage in Frameworks */,
				3F08EC792BA6B89E0065C923 /* FirebaseDynamicLinks in Frameworks */,
				3F08EC7D2BA6B89E0065C923 /* FirebaseFirestoreCombine-Community in Frameworks */,
				3F08EC8D2BA6B89E0065C923 /* FirebaseMessaging in Frameworks */,
				3F08EC892BA6B89E0065C923 /* FirebaseInstallations in Frameworks */,
			);
			runOnlyForDeploymentPostprocessing = 0;
		};
/* End PBXFrameworksBuildPhase section */

/* Begin PBXGroup section */
		3F08EC582BA5964F0065C923 /* AuthenticationVCs */ = {
			isa = PBXGroup;
			children = (
				3F08EC5A2BA5965E0065C923 /* ForgotPasswordViewController.swift */,
				3F08EC592BA5965E0065C923 /* LoginViewController.swift */,
				3F08EC5B2BA5965E0065C923 /* RegisterViewController.swift */,
			);
			path = AuthenticationVCs;
			sourceTree = "<group>";
		};
		3F1EAADB2B9697A00060218F = {
			isa = PBXGroup;
			children = (
				3F1EAAE62B9697A00060218F /* TimeFrame */,
				3F1EAAE52B9697A00060218F /* Products */,
			);
			sourceTree = "<group>";
		};
		3F1EAAE52B9697A00060218F /* Products */ = {
			isa = PBXGroup;
			children = (
				3F1EAAE42B9697A00060218F /* TimeFrame.app */,
			);
			name = Products;
			sourceTree = "<group>";
		};
		3F1EAAE62B9697A00060218F /* TimeFrame */ = {
			isa = PBXGroup;
			children = (
				5520389A2BA623FE000C5014 /* GeoChallengeVCs */,
				3F08EC382B985ED10065C923 /* SelfieViewController.swift */,
				3F1EAAE72B9697A00060218F /* AppDelegate.swift */,
				3F08EC582BA5964F0065C923 /* AuthenticationVCs */,
				3F1EAAE92B9697A00060218F /* SceneDelegate.swift */,
				3F1EAAEB2B9697A00060218F /* ViewController.swift */,
				B50AF3402BA42BF300003743 /* ProfileVCs */,
				3F08EC3C2BA1970A0065C923 /* Authentication.storyboard */,
				3F1EAAED2B9697A00060218F /* Main.storyboard */,
				B5BB29762BA3E6C6005A2987 /* Home.storyboard */,
				B5BB29782BA3E714005A2987 /* Discover.storyboard */,
				B5BB297A2BA3E726005A2987 /* GeoChallenge.storyboard */,
				B5BB297C2BA3E736005A2987 /* Profile.storyboard */,
				3F1EAAF32B9697A10060218F /* Assets.xcassets */,
				3F1EAAF52B9697A10060218F /* LaunchScreen.storyboard */,
				3F1EAAF82B9697A10060218F /* Info.plist */,
				3F1EAAF02B9697A00060218F /* TimeFrame.xcdatamodeld */,
				3F08EC5F2BA6B81A0065C923 /* GoogleService-Info.plist */,
			);
			path = TimeFrame;
			sourceTree = "<group>";
		};
		5520389A2BA623FE000C5014 /* GeoChallengeVCs */ = {
			isa = PBXGroup;
			children = (
				5520389B2BA62421000C5014 /* MapViewController.swift */,
				5520389D2BA62DE3000C5014 /* AddInitialPhotoViewController.swift */,
				5520389F2BA62EF6000C5014 /* ChallengeInfoViewController.swift */,
				5581CF872BA68C530096BB92 /* AddChallengeInfoViewController.swift */,
				559596B02BA699F800972EB4 /* ViewTimeLapseViewController.swift */,
				55A83AB12BA6A5CB00895DFE /* ChallengeCameraViewController.swift */,
				55A83AB32BA6A98400895DFE /* AddPhotoToChallengeViewController.swift */,
				55A83AB52BA6AA5500895DFE /* ChallengeAlbumViewController.swift */,
				55A83AB72BA6AA9000895DFE /* PhotoStreamViewController.swift */,
			);
			path = GeoChallengeVCs;
			sourceTree = "<group>";
		};
		B50AF3402BA42BF300003743 /* ProfileVCs */ = {
			isa = PBXGroup;
			children = (
				B50AF3412BA42C0800003743 /* MyProfileVC.swift */,
				B50AF3432BA42C1400003743 /* EditProfileVC.swift */,
				B57132C82BA6743400695F1C /* EditImageCell.swift */,
				B56D904D2BA58BF7008A435C /* ExtensionVC.swift */,
			);
			path = ProfileVCs;
			sourceTree = "<group>";
		};
/* End PBXGroup section */

/* Begin PBXNativeTarget section */
		3F1EAAE32B9697A00060218F /* TimeFrame */ = {
			isa = PBXNativeTarget;
			buildConfigurationList = 3F1EAAFB2B9697A10060218F /* Build configuration list for PBXNativeTarget "TimeFrame" */;
			buildPhases = (
				3F1EAAE02B9697A00060218F /* Sources */,
				3F1EAAE12B9697A00060218F /* Frameworks */,
				3F1EAAE22B9697A00060218F /* Resources */,
			);
			buildRules = (
			);
			dependencies = (
			);
			name = TimeFrame;
			packageProductDependencies = (
				3F08EC622BA6B89E0065C923 /* FirebaseAnalytics */,
				3F08EC642BA6B89E0065C923 /* FirebaseAnalyticsOnDeviceConversion */,
				3F08EC662BA6B89E0065C923 /* FirebaseAnalyticsSwift */,
				3F08EC682BA6B89E0065C923 /* FirebaseAnalyticsWithoutAdIdSupport */,
				3F08EC6A2BA6B89E0065C923 /* FirebaseAppCheck */,
				3F08EC6C2BA6B89E0065C923 /* FirebaseAppDistribution-Beta */,
				3F08EC6E2BA6B89E0065C923 /* FirebaseAuth */,
				3F08EC702BA6B89E0065C923 /* FirebaseAuthCombine-Community */,
				3F08EC722BA6B89E0065C923 /* FirebaseCrashlytics */,
				3F08EC742BA6B89E0065C923 /* FirebaseDatabase */,
				3F08EC762BA6B89E0065C923 /* FirebaseDatabaseSwift */,
				3F08EC782BA6B89E0065C923 /* FirebaseDynamicLinks */,
				3F08EC7A2BA6B89E0065C923 /* FirebaseFirestore */,
				3F08EC7C2BA6B89E0065C923 /* FirebaseFirestoreCombine-Community */,
				3F08EC7E2BA6B89E0065C923 /* FirebaseFirestoreSwift */,
				3F08EC802BA6B89E0065C923 /* FirebaseFunctions */,
				3F08EC822BA6B89E0065C923 /* FirebaseFunctionsCombine-Community */,
				3F08EC842BA6B89E0065C923 /* FirebaseInAppMessaging-Beta */,
				3F08EC862BA6B89E0065C923 /* FirebaseInAppMessagingSwift-Beta */,
				3F08EC882BA6B89E0065C923 /* FirebaseInstallations */,
				3F08EC8A2BA6B89E0065C923 /* FirebaseMLModelDownloader */,
				3F08EC8C2BA6B89E0065C923 /* FirebaseMessaging */,
				3F08EC8E2BA6B89E0065C923 /* FirebasePerformance */,
				3F08EC902BA6B89E0065C923 /* FirebaseRemoteConfig */,
				3F08EC922BA6B89E0065C923 /* FirebaseRemoteConfigSwift */,
				3F08EC942BA6B89E0065C923 /* FirebaseStorage */,
				3F08EC962BA6B89E0065C923 /* FirebaseStorageCombine-Community */,
			);
			productName = TimeFrame;
			productReference = 3F1EAAE42B9697A00060218F /* TimeFrame.app */;
			productType = "com.apple.product-type.application";
		};
/* End PBXNativeTarget section */

/* Begin PBXProject section */
		3F1EAADC2B9697A00060218F /* Project object */ = {
			isa = PBXProject;
			attributes = {
				BuildIndependentTargetsInParallel = 1;
				LastSwiftUpdateCheck = 1520;
				LastUpgradeCheck = 1520;
				TargetAttributes = {
					3F1EAAE32B9697A00060218F = {
						CreatedOnToolsVersion = 15.2;
					};
				};
			};
			buildConfigurationList = 3F1EAADF2B9697A00060218F /* Build configuration list for PBXProject "TimeFrame" */;
			compatibilityVersion = "Xcode 14.0";
			developmentRegion = en;
			hasScannedForEncodings = 0;
			knownRegions = (
				en,
				Base,
			);
			mainGroup = 3F1EAADB2B9697A00060218F;
			packageReferences = (
				3F08EC612BA6B89E0065C923 /* XCRemoteSwiftPackageReference "firebase-ios-sdk" */,
			);
			productRefGroup = 3F1EAAE52B9697A00060218F /* Products */;
			projectDirPath = "";
			projectRoot = "";
			targets = (
				3F1EAAE32B9697A00060218F /* TimeFrame */,
			);
		};
/* End PBXProject section */

/* Begin PBXResourcesBuildPhase section */
		3F1EAAE22B9697A00060218F /* Resources */ = {
			isa = PBXResourcesBuildPhase;
			buildActionMask = 2147483647;
			files = (
				3F08EC3D2BA1970A0065C923 /* Authentication.storyboard in Resources */,
				3F1EAAF72B9697A10060218F /* LaunchScreen.storyboard in Resources */,
				3F08EC602BA6B81A0065C923 /* GoogleService-Info.plist in Resources */,
				3F1EAAF42B9697A10060218F /* Assets.xcassets in Resources */,
				B5BB297B2BA3E726005A2987 /* GeoChallenge.storyboard in Resources */,
				B5BB29792BA3E714005A2987 /* Discover.storyboard in Resources */,
				3F1EAAEF2B9697A00060218F /* Main.storyboard in Resources */,
				B5BB297D2BA3E736005A2987 /* Profile.storyboard in Resources */,
				B5BB29772BA3E6C6005A2987 /* Home.storyboard in Resources */,
			);
			runOnlyForDeploymentPostprocessing = 0;
		};
/* End PBXResourcesBuildPhase section */

/* Begin PBXSourcesBuildPhase section */
		3F1EAAE02B9697A00060218F /* Sources */ = {
			isa = PBXSourcesBuildPhase;
			buildActionMask = 2147483647;
			files = (
				B56D904E2BA58BF7008A435C /* ExtensionVC.swift in Sources */,
				5520389C2BA62421000C5014 /* MapViewController.swift in Sources */,
				B56D904E2BA58BF7008A435C /* HideKeyboard.swift in Sources */,
				5520389E2BA62DE3000C5014 /* AddInitialPhotoViewController.swift in Sources */,
				3F1EAAF22B9697A00060218F /* TimeFrame.xcdatamodeld in Sources */,
				3F08EC5D2BA5965E0065C923 /* ForgotPasswordViewController.swift in Sources */,
				3F08EC5E2BA5965E0065C923 /* RegisterViewController.swift in Sources */,
				5581CF882BA68C530096BB92 /* AddChallengeInfoViewController.swift in Sources */,
				3F1EAAEC2B9697A00060218F /* ViewController.swift in Sources */,
				B57132C92BA6743400695F1C /* EditImageCell.swift in Sources */,
				552038A02BA62EF6000C5014 /* ChallengeInfoViewController.swift in Sources */,
				B50AF3422BA42C0800003743 /* MyProfileVC.swift in Sources */,
				3F1EAAE82B9697A00060218F /* AppDelegate.swift in Sources */,
				B50AF3442BA42C1400003743 /* EditProfileVC.swift in Sources */,
				55A83AB82BA6AA9000895DFE /* PhotoStreamViewController.swift in Sources */,
				55A83AB62BA6AA5500895DFE /* ChallengeAlbumViewController.swift in Sources */,
				3F1EAAE82B9697A00060218F /* AppDelegate.swift in Sources */,
				3F08EC392B985ED10065C923 /* SelfieViewController.swift in Sources */,
				559596B12BA699F800972EB4 /* ViewTimeLapseViewController.swift in Sources */,
				55A83AB42BA6A98400895DFE /* AddPhotoToChallengeViewController.swift in Sources */,
				3F08EC5C2BA5965E0065C923 /* LoginViewController.swift in Sources */,
				3F1EAAEA2B9697A00060218F /* SceneDelegate.swift in Sources */,
				55A83AB22BA6A5CB00895DFE /* ChallengeCameraViewController.swift in Sources */,
			);
			runOnlyForDeploymentPostprocessing = 0;
		};
/* End PBXSourcesBuildPhase section */

/* Begin PBXVariantGroup section */
		3F1EAAED2B9697A00060218F /* Main.storyboard */ = {
			isa = PBXVariantGroup;
			children = (
				3F1EAAEE2B9697A00060218F /* Base */,
			);
			name = Main.storyboard;
			sourceTree = "<group>";
		};
		3F1EAAF52B9697A10060218F /* LaunchScreen.storyboard */ = {
			isa = PBXVariantGroup;
			children = (
				3F1EAAF62B9697A10060218F /* Base */,
			);
			name = LaunchScreen.storyboard;
			sourceTree = "<group>";
		};
/* End PBXVariantGroup section */

/* Begin XCBuildConfiguration section */
		3F1EAAF92B9697A10060218F /* Debug */ = {
			isa = XCBuildConfiguration;
			buildSettings = {
				ALWAYS_SEARCH_USER_PATHS = NO;
				ASSETCATALOG_COMPILER_GENERATE_SWIFT_ASSET_SYMBOL_EXTENSIONS = YES;
				CLANG_ANALYZER_NONNULL = YES;
				CLANG_ANALYZER_NUMBER_OBJECT_CONVERSION = YES_AGGRESSIVE;
				CLANG_CXX_LANGUAGE_STANDARD = "gnu++20";
				CLANG_ENABLE_MODULES = YES;
				CLANG_ENABLE_OBJC_ARC = YES;
				CLANG_ENABLE_OBJC_WEAK = YES;
				CLANG_WARN_BLOCK_CAPTURE_AUTORELEASING = YES;
				CLANG_WARN_BOOL_CONVERSION = YES;
				CLANG_WARN_COMMA = YES;
				CLANG_WARN_CONSTANT_CONVERSION = YES;
				CLANG_WARN_DEPRECATED_OBJC_IMPLEMENTATIONS = YES;
				CLANG_WARN_DIRECT_OBJC_ISA_USAGE = YES_ERROR;
				CLANG_WARN_DOCUMENTATION_COMMENTS = YES;
				CLANG_WARN_EMPTY_BODY = YES;
				CLANG_WARN_ENUM_CONVERSION = YES;
				CLANG_WARN_INFINITE_RECURSION = YES;
				CLANG_WARN_INT_CONVERSION = YES;
				CLANG_WARN_NON_LITERAL_NULL_CONVERSION = YES;
				CLANG_WARN_OBJC_IMPLICIT_RETAIN_SELF = YES;
				CLANG_WARN_OBJC_LITERAL_CONVERSION = YES;
				CLANG_WARN_OBJC_ROOT_CLASS = YES_ERROR;
				CLANG_WARN_QUOTED_INCLUDE_IN_FRAMEWORK_HEADER = YES;
				CLANG_WARN_RANGE_LOOP_ANALYSIS = YES;
				CLANG_WARN_STRICT_PROTOTYPES = YES;
				CLANG_WARN_SUSPICIOUS_MOVE = YES;
				CLANG_WARN_UNGUARDED_AVAILABILITY = YES_AGGRESSIVE;
				CLANG_WARN_UNREACHABLE_CODE = YES;
				CLANG_WARN__DUPLICATE_METHOD_MATCH = YES;
				COPY_PHASE_STRIP = NO;
				DEBUG_INFORMATION_FORMAT = dwarf;
				ENABLE_STRICT_OBJC_MSGSEND = YES;
				ENABLE_TESTABILITY = YES;
				ENABLE_USER_SCRIPT_SANDBOXING = YES;
				GCC_C_LANGUAGE_STANDARD = gnu17;
				GCC_DYNAMIC_NO_PIC = NO;
				GCC_NO_COMMON_BLOCKS = YES;
				GCC_OPTIMIZATION_LEVEL = 0;
				GCC_PREPROCESSOR_DEFINITIONS = (
					"DEBUG=1",
					"$(inherited)",
				);
				GCC_WARN_64_TO_32_BIT_CONVERSION = YES;
				GCC_WARN_ABOUT_RETURN_TYPE = YES_ERROR;
				GCC_WARN_UNDECLARED_SELECTOR = YES;
				GCC_WARN_UNINITIALIZED_AUTOS = YES_AGGRESSIVE;
				GCC_WARN_UNUSED_FUNCTION = YES;
				GCC_WARN_UNUSED_VARIABLE = YES;
				IPHONEOS_DEPLOYMENT_TARGET = 17.2;
				LOCALIZATION_PREFERS_STRING_CATALOGS = YES;
				MTL_ENABLE_DEBUG_INFO = INCLUDE_SOURCE;
				MTL_FAST_MATH = YES;
				ONLY_ACTIVE_ARCH = YES;
				SDKROOT = iphoneos;
				SWIFT_ACTIVE_COMPILATION_CONDITIONS = "DEBUG $(inherited)";
				SWIFT_OPTIMIZATION_LEVEL = "-Onone";
			};
			name = Debug;
		};
		3F1EAAFA2B9697A10060218F /* Release */ = {
			isa = XCBuildConfiguration;
			buildSettings = {
				ALWAYS_SEARCH_USER_PATHS = NO;
				ASSETCATALOG_COMPILER_GENERATE_SWIFT_ASSET_SYMBOL_EXTENSIONS = YES;
				CLANG_ANALYZER_NONNULL = YES;
				CLANG_ANALYZER_NUMBER_OBJECT_CONVERSION = YES_AGGRESSIVE;
				CLANG_CXX_LANGUAGE_STANDARD = "gnu++20";
				CLANG_ENABLE_MODULES = YES;
				CLANG_ENABLE_OBJC_ARC = YES;
				CLANG_ENABLE_OBJC_WEAK = YES;
				CLANG_WARN_BLOCK_CAPTURE_AUTORELEASING = YES;
				CLANG_WARN_BOOL_CONVERSION = YES;
				CLANG_WARN_COMMA = YES;
				CLANG_WARN_CONSTANT_CONVERSION = YES;
				CLANG_WARN_DEPRECATED_OBJC_IMPLEMENTATIONS = YES;
				CLANG_WARN_DIRECT_OBJC_ISA_USAGE = YES_ERROR;
				CLANG_WARN_DOCUMENTATION_COMMENTS = YES;
				CLANG_WARN_EMPTY_BODY = YES;
				CLANG_WARN_ENUM_CONVERSION = YES;
				CLANG_WARN_INFINITE_RECURSION = YES;
				CLANG_WARN_INT_CONVERSION = YES;
				CLANG_WARN_NON_LITERAL_NULL_CONVERSION = YES;
				CLANG_WARN_OBJC_IMPLICIT_RETAIN_SELF = YES;
				CLANG_WARN_OBJC_LITERAL_CONVERSION = YES;
				CLANG_WARN_OBJC_ROOT_CLASS = YES_ERROR;
				CLANG_WARN_QUOTED_INCLUDE_IN_FRAMEWORK_HEADER = YES;
				CLANG_WARN_RANGE_LOOP_ANALYSIS = YES;
				CLANG_WARN_STRICT_PROTOTYPES = YES;
				CLANG_WARN_SUSPICIOUS_MOVE = YES;
				CLANG_WARN_UNGUARDED_AVAILABILITY = YES_AGGRESSIVE;
				CLANG_WARN_UNREACHABLE_CODE = YES;
				CLANG_WARN__DUPLICATE_METHOD_MATCH = YES;
				COPY_PHASE_STRIP = NO;
				DEBUG_INFORMATION_FORMAT = "dwarf-with-dsym";
				ENABLE_NS_ASSERTIONS = NO;
				ENABLE_STRICT_OBJC_MSGSEND = YES;
				ENABLE_USER_SCRIPT_SANDBOXING = YES;
				GCC_C_LANGUAGE_STANDARD = gnu17;
				GCC_NO_COMMON_BLOCKS = YES;
				GCC_WARN_64_TO_32_BIT_CONVERSION = YES;
				GCC_WARN_ABOUT_RETURN_TYPE = YES_ERROR;
				GCC_WARN_UNDECLARED_SELECTOR = YES;
				GCC_WARN_UNINITIALIZED_AUTOS = YES_AGGRESSIVE;
				GCC_WARN_UNUSED_FUNCTION = YES;
				GCC_WARN_UNUSED_VARIABLE = YES;
				IPHONEOS_DEPLOYMENT_TARGET = 17.2;
				LOCALIZATION_PREFERS_STRING_CATALOGS = YES;
				MTL_ENABLE_DEBUG_INFO = NO;
				MTL_FAST_MATH = YES;
				SDKROOT = iphoneos;
				SWIFT_COMPILATION_MODE = wholemodule;
				VALIDATE_PRODUCT = YES;
			};
			name = Release;
		};
		3F1EAAFC2B9697A10060218F /* Debug */ = {
			isa = XCBuildConfiguration;
			buildSettings = {
				ASSETCATALOG_COMPILER_APPICON_NAME = AppIcon;
				ASSETCATALOG_COMPILER_GLOBAL_ACCENT_COLOR_NAME = AccentColor;
				CODE_SIGN_STYLE = Automatic;
				CURRENT_PROJECT_VERSION = 1;
				DEVELOPMENT_TEAM = 3H7MMR6433;
				GENERATE_INFOPLIST_FILE = YES;
				INFOPLIST_FILE = TimeFrame/Info.plist;
				INFOPLIST_KEY_UIApplicationSupportsIndirectInputEvents = YES;
				INFOPLIST_KEY_UILaunchStoryboardName = LaunchScreen;
				INFOPLIST_KEY_UIMainStoryboardFile = Main;
				INFOPLIST_KEY_UISupportedInterfaceOrientations_iPad = "UIInterfaceOrientationPortrait UIInterfaceOrientationPortraitUpsideDown UIInterfaceOrientationLandscapeLeft UIInterfaceOrientationLandscapeRight";
				INFOPLIST_KEY_UISupportedInterfaceOrientations_iPhone = "UIInterfaceOrientationPortrait UIInterfaceOrientationLandscapeLeft UIInterfaceOrientationLandscapeRight";
				IPHONEOS_DEPLOYMENT_TARGET = 17.0;
				LD_RUNPATH_SEARCH_PATHS = (
					"$(inherited)",
					"@executable_path/Frameworks",
				);
				MARKETING_VERSION = 1.0;
				PRODUCT_BUNDLE_IDENTIFIER = Group1.TimeFrame;
				PRODUCT_NAME = "$(TARGET_NAME)";
				SWIFT_EMIT_LOC_STRINGS = YES;
				SWIFT_VERSION = 5.0;
				TARGETED_DEVICE_FAMILY = "1,2";
			};
			name = Debug;
		};
		3F1EAAFD2B9697A10060218F /* Release */ = {
			isa = XCBuildConfiguration;
			buildSettings = {
				ASSETCATALOG_COMPILER_APPICON_NAME = AppIcon;
				ASSETCATALOG_COMPILER_GLOBAL_ACCENT_COLOR_NAME = AccentColor;
				CODE_SIGN_STYLE = Automatic;
				CURRENT_PROJECT_VERSION = 1;
				DEVELOPMENT_TEAM = 3H7MMR6433;
				GENERATE_INFOPLIST_FILE = YES;
				INFOPLIST_FILE = TimeFrame/Info.plist;
				INFOPLIST_KEY_UIApplicationSupportsIndirectInputEvents = YES;
				INFOPLIST_KEY_UILaunchStoryboardName = LaunchScreen;
				INFOPLIST_KEY_UIMainStoryboardFile = Main;
				INFOPLIST_KEY_UISupportedInterfaceOrientations_iPad = "UIInterfaceOrientationPortrait UIInterfaceOrientationPortraitUpsideDown UIInterfaceOrientationLandscapeLeft UIInterfaceOrientationLandscapeRight";
				INFOPLIST_KEY_UISupportedInterfaceOrientations_iPhone = "UIInterfaceOrientationPortrait UIInterfaceOrientationLandscapeLeft UIInterfaceOrientationLandscapeRight";
				IPHONEOS_DEPLOYMENT_TARGET = 17.0;
				LD_RUNPATH_SEARCH_PATHS = (
					"$(inherited)",
					"@executable_path/Frameworks",
				);
				MARKETING_VERSION = 1.0;
				PRODUCT_BUNDLE_IDENTIFIER = Group1.TimeFrame;
				PRODUCT_NAME = "$(TARGET_NAME)";
				SWIFT_EMIT_LOC_STRINGS = YES;
				SWIFT_VERSION = 5.0;
				TARGETED_DEVICE_FAMILY = "1,2";
			};
			name = Release;
		};
/* End XCBuildConfiguration section */

/* Begin XCConfigurationList section */
		3F1EAADF2B9697A00060218F /* Build configuration list for PBXProject "TimeFrame" */ = {
			isa = XCConfigurationList;
			buildConfigurations = (
				3F1EAAF92B9697A10060218F /* Debug */,
				3F1EAAFA2B9697A10060218F /* Release */,
			);
			defaultConfigurationIsVisible = 0;
			defaultConfigurationName = Release;
		};
		3F1EAAFB2B9697A10060218F /* Build configuration list for PBXNativeTarget "TimeFrame" */ = {
			isa = XCConfigurationList;
			buildConfigurations = (
				3F1EAAFC2B9697A10060218F /* Debug */,
				3F1EAAFD2B9697A10060218F /* Release */,
			);
			defaultConfigurationIsVisible = 0;
			defaultConfigurationName = Release;
		};
/* End XCConfigurationList section */

/* Begin XCRemoteSwiftPackageReference section */
		3F08EC612BA6B89E0065C923 /* XCRemoteSwiftPackageReference "firebase-ios-sdk" */ = {
			isa = XCRemoteSwiftPackageReference;
			repositoryURL = "https://github.com/firebase/firebase-ios-sdk";
			requirement = {
				kind = upToNextMajorVersion;
				minimumVersion = 10.22.1;
			};
		};
/* End XCRemoteSwiftPackageReference section */

/* Begin XCSwiftPackageProductDependency section */
		3F08EC622BA6B89E0065C923 /* FirebaseAnalytics */ = {
			isa = XCSwiftPackageProductDependency;
			package = 3F08EC612BA6B89E0065C923 /* XCRemoteSwiftPackageReference "firebase-ios-sdk" */;
			productName = FirebaseAnalytics;
		};
		3F08EC642BA6B89E0065C923 /* FirebaseAnalyticsOnDeviceConversion */ = {
			isa = XCSwiftPackageProductDependency;
			package = 3F08EC612BA6B89E0065C923 /* XCRemoteSwiftPackageReference "firebase-ios-sdk" */;
			productName = FirebaseAnalyticsOnDeviceConversion;
		};
		3F08EC662BA6B89E0065C923 /* FirebaseAnalyticsSwift */ = {
			isa = XCSwiftPackageProductDependency;
			package = 3F08EC612BA6B89E0065C923 /* XCRemoteSwiftPackageReference "firebase-ios-sdk" */;
			productName = FirebaseAnalyticsSwift;
		};
		3F08EC682BA6B89E0065C923 /* FirebaseAnalyticsWithoutAdIdSupport */ = {
			isa = XCSwiftPackageProductDependency;
			package = 3F08EC612BA6B89E0065C923 /* XCRemoteSwiftPackageReference "firebase-ios-sdk" */;
			productName = FirebaseAnalyticsWithoutAdIdSupport;
		};
		3F08EC6A2BA6B89E0065C923 /* FirebaseAppCheck */ = {
			isa = XCSwiftPackageProductDependency;
			package = 3F08EC612BA6B89E0065C923 /* XCRemoteSwiftPackageReference "firebase-ios-sdk" */;
			productName = FirebaseAppCheck;
		};
		3F08EC6C2BA6B89E0065C923 /* FirebaseAppDistribution-Beta */ = {
			isa = XCSwiftPackageProductDependency;
			package = 3F08EC612BA6B89E0065C923 /* XCRemoteSwiftPackageReference "firebase-ios-sdk" */;
			productName = "FirebaseAppDistribution-Beta";
		};
		3F08EC6E2BA6B89E0065C923 /* FirebaseAuth */ = {
			isa = XCSwiftPackageProductDependency;
			package = 3F08EC612BA6B89E0065C923 /* XCRemoteSwiftPackageReference "firebase-ios-sdk" */;
			productName = FirebaseAuth;
		};
		3F08EC702BA6B89E0065C923 /* FirebaseAuthCombine-Community */ = {
			isa = XCSwiftPackageProductDependency;
			package = 3F08EC612BA6B89E0065C923 /* XCRemoteSwiftPackageReference "firebase-ios-sdk" */;
			productName = "FirebaseAuthCombine-Community";
		};
		3F08EC722BA6B89E0065C923 /* FirebaseCrashlytics */ = {
			isa = XCSwiftPackageProductDependency;
			package = 3F08EC612BA6B89E0065C923 /* XCRemoteSwiftPackageReference "firebase-ios-sdk" */;
			productName = FirebaseCrashlytics;
		};
		3F08EC742BA6B89E0065C923 /* FirebaseDatabase */ = {
			isa = XCSwiftPackageProductDependency;
			package = 3F08EC612BA6B89E0065C923 /* XCRemoteSwiftPackageReference "firebase-ios-sdk" */;
			productName = FirebaseDatabase;
		};
		3F08EC762BA6B89E0065C923 /* FirebaseDatabaseSwift */ = {
			isa = XCSwiftPackageProductDependency;
			package = 3F08EC612BA6B89E0065C923 /* XCRemoteSwiftPackageReference "firebase-ios-sdk" */;
			productName = FirebaseDatabaseSwift;
		};
		3F08EC782BA6B89E0065C923 /* FirebaseDynamicLinks */ = {
			isa = XCSwiftPackageProductDependency;
			package = 3F08EC612BA6B89E0065C923 /* XCRemoteSwiftPackageReference "firebase-ios-sdk" */;
			productName = FirebaseDynamicLinks;
		};
		3F08EC7A2BA6B89E0065C923 /* FirebaseFirestore */ = {
			isa = XCSwiftPackageProductDependency;
			package = 3F08EC612BA6B89E0065C923 /* XCRemoteSwiftPackageReference "firebase-ios-sdk" */;
			productName = FirebaseFirestore;
		};
		3F08EC7C2BA6B89E0065C923 /* FirebaseFirestoreCombine-Community */ = {
			isa = XCSwiftPackageProductDependency;
			package = 3F08EC612BA6B89E0065C923 /* XCRemoteSwiftPackageReference "firebase-ios-sdk" */;
			productName = "FirebaseFirestoreCombine-Community";
		};
		3F08EC7E2BA6B89E0065C923 /* FirebaseFirestoreSwift */ = {
			isa = XCSwiftPackageProductDependency;
			package = 3F08EC612BA6B89E0065C923 /* XCRemoteSwiftPackageReference "firebase-ios-sdk" */;
			productName = FirebaseFirestoreSwift;
		};
		3F08EC802BA6B89E0065C923 /* FirebaseFunctions */ = {
			isa = XCSwiftPackageProductDependency;
			package = 3F08EC612BA6B89E0065C923 /* XCRemoteSwiftPackageReference "firebase-ios-sdk" */;
			productName = FirebaseFunctions;
		};
		3F08EC822BA6B89E0065C923 /* FirebaseFunctionsCombine-Community */ = {
			isa = XCSwiftPackageProductDependency;
			package = 3F08EC612BA6B89E0065C923 /* XCRemoteSwiftPackageReference "firebase-ios-sdk" */;
			productName = "FirebaseFunctionsCombine-Community";
		};
		3F08EC842BA6B89E0065C923 /* FirebaseInAppMessaging-Beta */ = {
			isa = XCSwiftPackageProductDependency;
			package = 3F08EC612BA6B89E0065C923 /* XCRemoteSwiftPackageReference "firebase-ios-sdk" */;
			productName = "FirebaseInAppMessaging-Beta";
		};
		3F08EC862BA6B89E0065C923 /* FirebaseInAppMessagingSwift-Beta */ = {
			isa = XCSwiftPackageProductDependency;
			package = 3F08EC612BA6B89E0065C923 /* XCRemoteSwiftPackageReference "firebase-ios-sdk" */;
			productName = "FirebaseInAppMessagingSwift-Beta";
		};
		3F08EC882BA6B89E0065C923 /* FirebaseInstallations */ = {
			isa = XCSwiftPackageProductDependency;
			package = 3F08EC612BA6B89E0065C923 /* XCRemoteSwiftPackageReference "firebase-ios-sdk" */;
			productName = FirebaseInstallations;
		};
		3F08EC8A2BA6B89E0065C923 /* FirebaseMLModelDownloader */ = {
			isa = XCSwiftPackageProductDependency;
			package = 3F08EC612BA6B89E0065C923 /* XCRemoteSwiftPackageReference "firebase-ios-sdk" */;
			productName = FirebaseMLModelDownloader;
		};
		3F08EC8C2BA6B89E0065C923 /* FirebaseMessaging */ = {
			isa = XCSwiftPackageProductDependency;
			package = 3F08EC612BA6B89E0065C923 /* XCRemoteSwiftPackageReference "firebase-ios-sdk" */;
			productName = FirebaseMessaging;
		};
		3F08EC8E2BA6B89E0065C923 /* FirebasePerformance */ = {
			isa = XCSwiftPackageProductDependency;
			package = 3F08EC612BA6B89E0065C923 /* XCRemoteSwiftPackageReference "firebase-ios-sdk" */;
			productName = FirebasePerformance;
		};
		3F08EC902BA6B89E0065C923 /* FirebaseRemoteConfig */ = {
			isa = XCSwiftPackageProductDependency;
			package = 3F08EC612BA6B89E0065C923 /* XCRemoteSwiftPackageReference "firebase-ios-sdk" */;
			productName = FirebaseRemoteConfig;
		};
		3F08EC922BA6B89E0065C923 /* FirebaseRemoteConfigSwift */ = {
			isa = XCSwiftPackageProductDependency;
			package = 3F08EC612BA6B89E0065C923 /* XCRemoteSwiftPackageReference "firebase-ios-sdk" */;
			productName = FirebaseRemoteConfigSwift;
		};
		3F08EC942BA6B89E0065C923 /* FirebaseStorage */ = {
			isa = XCSwiftPackageProductDependency;
			package = 3F08EC612BA6B89E0065C923 /* XCRemoteSwiftPackageReference "firebase-ios-sdk" */;
			productName = FirebaseStorage;
		};
		3F08EC962BA6B89E0065C923 /* FirebaseStorageCombine-Community */ = {
			isa = XCSwiftPackageProductDependency;
			package = 3F08EC612BA6B89E0065C923 /* XCRemoteSwiftPackageReference "firebase-ios-sdk" */;
			productName = "FirebaseStorageCombine-Community";
		};
/* End XCSwiftPackageProductDependency section */

/* Begin XCVersionGroup section */
		3F1EAAF02B9697A00060218F /* TimeFrame.xcdatamodeld */ = {
			isa = XCVersionGroup;
			children = (
				3F1EAAF12B9697A00060218F /* TimeFrame.xcdatamodel */,
			);
			currentVersion = 3F1EAAF12B9697A00060218F /* TimeFrame.xcdatamodel */;
			path = TimeFrame.xcdatamodeld;
			sourceTree = "<group>";
			versionGroupType = wrapper.xcdatamodel;
		};
/* End XCVersionGroup section */
	};
	rootObject = 3F1EAADC2B9697A00060218F /* Project object */;
}
